
Microsoft Visual Studio Solution File, Format Version 12.00
# Visual Studio Version 17
VisualStudioVersion = 17.8.34408.163
MinimumVisualStudioVersion = 10.0.40219.1
Project("{9A19103F-16F7-4668-BE54-9A1E7A4F7556}") = "CollegeProj", "CollegeProj.csproj", "{FC5EC0CC-9C46-4A15-8C24-6C31F6E3A758}"
EndProject
Global
	GlobalSection(SolutionConfigurationPlatforms) = preSolution
		Debug|Any CPU = Debug|Any CPU
		Release|Any CPU = Release|Any CPU
	EndGlobalSection
	GlobalSection(ProjectConfigurationPlatforms) = postSolution
		{FC5EC0CC-9C46-4A15-8C24-6C31F6E3A758}.Debug|Any CPU.ActiveCfg = Debug|Any CPU
		{FC5EC0CC-9C46-4A15-8C24-6C31F6E3A758}.Debug|Any CPU.Build.0 = Debug|Any CPU
		{FC5EC0CC-9C46-4A15-8C24-6C31F6E3A758}.Release|Any CPU.ActiveCfg = Release|Any CPU
		{FC5EC0CC-9C46-4A15-8C24-6C31F6E3A758}.Release|Any CPU.Build.0 = Release|Any CPU
	EndGlobalSection
	GlobalSection(SolutionProperties) = preSolution
		HideSolutionNode = FALSE
	EndGlobalSection
	GlobalSection(ExtensibilityGlobals) = postSolution
		SolutionGuid = {1D5905CC-006E-4934-8E30-7D0082AA8B29}
	EndGlobalSection
EndGlobal
